
Microsoft Visual Studio Solution File, Format Version 12.00
# Visual Studio 15
VisualStudioVersion = 15.0.26403.3
MinimumVisualStudioVersion = 10.0.40219.1
Project("{FAE04EC0-301F-11D3-BF4B-00C04F79EFBC}") = "DiscordDKPBot", "DiscordDKPBot\DiscordDKPBot.csproj", "{746E9039-A039-412E-8C68-3F7E6CF03147}"
EndProject
Project("{2150E333-8FDC-42A3-9474-1A3956D46DE8}") = "Solution Items", "Solution Items", "{6DAA1BC3-760D-414E-8F1F-D5DEBCF0E91E}"
	ProjectSection(SolutionItems) = preProject
		..\..\..\..\Desktop\dkp-backup.txt = ..\..\..\..\Desktop\dkp-backup.txt
		help.txt = help.txt
		leaderboard.txt = leaderboard.txt
	EndProjectSection
EndProject
Global
	GlobalSection(SolutionConfigurationPlatforms) = preSolution
		Debug|Any CPU = Debug|Any CPU
		Release|Any CPU = Release|Any CPU
	EndGlobalSection
	GlobalSection(ProjectConfigurationPlatforms) = postSolution
		{746E9039-A039-412E-8C68-3F7E6CF03147}.Debug|Any CPU.ActiveCfg = Debug|Any CPU
		{746E9039-A039-412E-8C68-3F7E6CF03147}.Debug|Any CPU.Build.0 = Debug|Any CPU
		{746E9039-A039-412E-8C68-3F7E6CF03147}.Release|Any CPU.ActiveCfg = Release|Any CPU
		{746E9039-A039-412E-8C68-3F7E6CF03147}.Release|Any CPU.Build.0 = Release|Any CPU
	EndGlobalSection
	GlobalSection(SolutionProperties) = preSolution
		HideSolutionNode = FALSE
	EndGlobalSection
EndGlobal
